
Microsoft Visual Studio Solution File, Format Version 12.00
# Visual Studio Version 16
VisualStudioVersion = 25.0.1706.4
MinimumVisualStudioVersion = 10.0.40219.1
Project("{FAE04EC0-301F-11D3-BF4B-00C04F79EFBC}") = "Lab_Zero_OOP2", "Lab_Zero_OOP2\Lab_Zero_OOP2.csproj", "{B8E251C3-B5F6-4E35-9859-25AB5AA94CDE}"
EndProject
Global
	GlobalSection(SolutionConfigurationPlatforms) = preSolution
		Debug|Any CPU = Debug|Any CPU
		Release|Any CPU = Release|Any CPU
	EndGlobalSection
	GlobalSection(ProjectConfigurationPlatforms) = postSolution
		{B8E251C3-B5F6-4E35-9859-25AB5AA94CDE}.Debug|Any CPU.ActiveCfg = Debug|Any CPU
		{B8E251C3-B5F6-4E35-9859-25AB5AA94CDE}.Debug|Any CPU.Build.0 = Debug|Any CPU
		{B8E251C3-B5F6-4E35-9859-25AB5AA94CDE}.Release|Any CPU.ActiveCfg = Release|Any CPU
		{B8E251C3-B5F6-4E35-9859-25AB5AA94CDE}.Release|Any CPU.Build.0 = Release|Any CPU
	EndGlobalSection
	GlobalSection(SolutionProperties) = preSolution
		HideSolutionNode = FALSE
	EndGlobalSection
	GlobalSection(ExtensibilityGlobals) = postSolution
		SolutionGuid = {768296A5-ADC9-4E42-B722-BD4C984FE74D}
	EndGlobalSection
EndGlobal
